{
  "version": 4,
  "terraform_version": "1.4.6",
  "serial": 10,
  "lineage": "63f880e7-5aad-0096-de7c-a0b78fa8f962",
  "outputs": {},
  "resources": [
    {
      "module": "module.ResourceGroup",
      "mode": "managed",
      "type": "azurerm_resource_group",
      "name": "TFResourceGrp1",
      "provider": "provider[\"registry.terraform.io/hashicorp/azurerm\"]",
      "instances": [
        {
          "schema_version": 0,
          "attributes": {
            "id": "/subscriptions/94b0b67a-68c3-4c04-8d71-61ccceab493a/resourceGroups/TfResourceGroup1_RG",
            "location": "ukwest",
            "name": "TfResourceGroup1_RG",
            "tags": {
              "environment": "Development"
            },
            "timeouts": null
          },
          "sensitive_attributes": [],
          "private": "eyJlMmJmYjczMC1lY2FhLTExZTYtOGY4OC0zNDM2M2JjN2M0YzAiOnsiY3JlYXRlIjo1NDAwMDAwMDAwMDAwLCJkZWxldGUiOjU0MDAwMDAwMDAwMDAsInJlYWQiOjMwMDAwMDAwMDAwMCwidXBkYXRlIjo1NDAwMDAwMDAwMDAwfX0="
        }
      ]
    },
    {
      "module": "module.StorageAccount",
      "mode": "managed",
      "type": "azurerm_storage_account",
      "name": "TFStorageAccount1",
      "provider": "module.StorageAccount.provider[\"registry.terraform.io/hashicorp/azurerm\"]",
      "instances": [
        {
          "schema_version": 3,
          "attributes": {
            "access_tier": "Hot",
            "account_kind": "StorageV2",
            "account_replication_type": "LRS",
            "account_tier": "Standard",
            "allow_nested_items_to_be_public": true,
            "allowed_copy_scope": "",
            "azure_files_authentication": [],
            "blob_properties": [
              {
                "change_feed_enabled": false,
                "change_feed_retention_in_days": 0,
                "container_delete_retention_policy": [],
                "cors_rule": [],
                "default_service_version": "",
                "delete_retention_policy": [],
                "last_access_time_enabled": false,
                "restore_policy": [],
                "versioning_enabled": false
              }
            ],
            "cross_tenant_replication_enabled": true,
            "custom_domain": [],
            "customer_managed_key": [],
            "default_to_oauth_authentication": false,
            "edge_zone": "",
            "enable_https_traffic_only": true,
            "id": "/subscriptions/94b0b67a-68c3-4c04-8d71-61ccceab493a/resourceGroups/TfResourceGroup1_RG/providers/Microsoft.Storage/storageAccounts/tfresourcegroup1lb09gx",
            "identity": [],
            "immutability_policy": [],
            "infrastructure_encryption_enabled": false,
            "is_hns_enabled": false,
            "large_file_share_enabled": null,
            "location": "ukwest",
            "min_tls_version": "TLS1_2",
            "name": "tfresourcegroup1lb09gx",
            "network_rules": [
              {
                "bypass": [
                  "AzureServices"
                ],
                "default_action": "Allow",
                "ip_rules": [],
                "private_link_access": [],
                "virtual_network_subnet_ids": []
              }
            ],
            "nfsv3_enabled": false,
            "primary_access_key": "GEphzLu+ATK2LgzrulxEFPtx+VXhueYCHwtWeHaUZtlEMNeV8PbyBdlWemfuWxsqAZQCPlWhtZVJ+ASt7ex//A==",
            "primary_blob_connection_string": "DefaultEndpointsProtocol=https;BlobEndpoint=https://tfresourcegroup1lb09gx.blob.core.windows.net/;AccountName=tfresourcegroup1lb09gx;AccountKey=GEphzLu+ATK2LgzrulxEFPtx+VXhueYCHwtWeHaUZtlEMNeV8PbyBdlWemfuWxsqAZQCPlWhtZVJ+ASt7ex//A==",
            "primary_blob_endpoint": "https://tfresourcegroup1lb09gx.blob.core.windows.net/",
            "primary_blob_host": "tfresourcegroup1lb09gx.blob.core.windows.net",
            "primary_connection_string": "DefaultEndpointsProtocol=https;AccountName=tfresourcegroup1lb09gx;AccountKey=GEphzLu+ATK2LgzrulxEFPtx+VXhueYCHwtWeHaUZtlEMNeV8PbyBdlWemfuWxsqAZQCPlWhtZVJ+ASt7ex//A==;EndpointSuffix=core.windows.net",
            "primary_dfs_endpoint": "https://tfresourcegroup1lb09gx.dfs.core.windows.net/",
            "primary_dfs_host": "tfresourcegroup1lb09gx.dfs.core.windows.net",
            "primary_file_endpoint": "https://tfresourcegroup1lb09gx.file.core.windows.net/",
            "primary_file_host": "tfresourcegroup1lb09gx.file.core.windows.net",
            "primary_location": "ukwest",
            "primary_queue_endpoint": "https://tfresourcegroup1lb09gx.queue.core.windows.net/",
            "primary_queue_host": "tfresourcegroup1lb09gx.queue.core.windows.net",
            "primary_table_endpoint": "https://tfresourcegroup1lb09gx.table.core.windows.net/",
            "primary_table_host": "tfresourcegroup1lb09gx.table.core.windows.net",
            "primary_web_endpoint": "https://tfresourcegroup1lb09gx.z35.web.core.windows.net/",
            "primary_web_host": "tfresourcegroup1lb09gx.z35.web.core.windows.net",
            "public_network_access_enabled": true,
            "queue_encryption_key_type": "Service",
            "queue_properties": [
              {
                "cors_rule": [],
                "hour_metrics": [
                  {
                    "enabled": true,
                    "include_apis": true,
                    "retention_policy_days": 7,
                    "version": "1.0"
                  }
                ],
                "logging": [
                  {
                    "delete": false,
                    "read": false,
                    "retention_policy_days": 0,
                    "version": "1.0",
                    "write": false
                  }
                ],
                "minute_metrics": [
                  {
                    "enabled": false,
                    "include_apis": false,
                    "retention_policy_days": 0,
                    "version": "1.0"
                  }
                ]
              }
            ],
            "resource_group_name": "TfResourceGroup1_RG",
            "routing": [],
            "sas_policy": [],
            "secondary_access_key": "NnS80NtRb8VB2IIYruyCYtMcq2ndLwCC2Gi9uL4XmofyipaGxdK/wSdwlp905XVdUT0Z1jEG6AI0+AStiqIz8A==",
            "secondary_blob_connection_string": "",
            "secondary_blob_endpoint": null,
            "secondary_blob_host": null,
            "secondary_connection_string": "DefaultEndpointsProtocol=https;AccountName=tfresourcegroup1lb09gx;AccountKey=NnS80NtRb8VB2IIYruyCYtMcq2ndLwCC2Gi9uL4XmofyipaGxdK/wSdwlp905XVdUT0Z1jEG6AI0+AStiqIz8A==;EndpointSuffix=core.windows.net",
            "secondary_dfs_endpoint": null,
            "secondary_dfs_host": null,
            "secondary_file_endpoint": null,
            "secondary_file_host": null,
            "secondary_location": "",
            "secondary_queue_endpoint": null,
            "secondary_queue_host": null,
            "secondary_table_endpoint": null,
            "secondary_table_host": null,
            "secondary_web_endpoint": null,
            "secondary_web_host": null,
            "sftp_enabled": false,
            "share_properties": [
              {
                "cors_rule": [],
                "retention_policy": [
                  {
                    "days": 7
                  }
                ],
                "smb": []
              }
            ],
            "shared_access_key_enabled": true,
            "static_website": [],
            "table_encryption_key_type": "Service",
            "tags": {
              "environment": "Development"
            },
            "timeouts": null
          },
          "sensitive_attributes": [],
          "private": "eyJlMmJmYjczMC1lY2FhLTExZTYtOGY4OC0zNDM2M2JjN2M0YzAiOnsiY3JlYXRlIjozNjAwMDAwMDAwMDAwLCJkZWxldGUiOjM2MDAwMDAwMDAwMDAsInJlYWQiOjMwMDAwMDAwMDAwMCwidXBkYXRlIjozNjAwMDAwMDAwMDAwfSwic2NoZW1hX3ZlcnNpb24iOiIzIn0=",
          "dependencies": [
            "module.ResourceGroup.azurerm_resource_group.TFResourceGrp1",
            "module.StorageAccount.random_string.random"
          ]
        }
      ]
    },
    {
      "module": "module.StorageAccount",
      "mode": "managed",
      "type": "random_string",
      "name": "random",
      "provider": "provider[\"registry.terraform.io/hashicorp/random\"]",
      "instances": [
        {
          "schema_version": 2,
          "attributes": {
            "id": "lb09gx",
            "keepers": null,
            "length": 6,
            "lower": true,
            "min_lower": 0,
            "min_numeric": 0,
            "min_special": 0,
            "min_upper": 0,
            "number": true,
            "numeric": true,
            "override_special": "/@£$",
            "result": "lb09gx",
            "special": false,
            "upper": false
          },
          "sensitive_attributes": []
        }
      ]
    },
    {
      "module": "module.vmachine",
      "mode": "managed",
      "type": "azurerm_linux_virtual_machine",
      "name": "TFModuleVM",
      "provider": "provider[\"registry.terraform.io/hashicorp/azurerm\"]",
      "instances": [
        {
          "schema_version": 0,
          "attributes": {
            "additional_capabilities": [],
            "admin_password": "admin123!",
            "admin_ssh_key": [],
            "admin_username": "adminuser",
            "allow_extension_operations": true,
            "availability_set_id": "",
            "boot_diagnostics": [],
            "capacity_reservation_group_id": "",
            "computer_name": "TFAZVM01",
            "custom_data": null,
            "dedicated_host_group_id": "",
            "dedicated_host_id": "",
            "disable_password_authentication": false,
            "edge_zone": "",
            "encryption_at_host_enabled": false,
            "eviction_policy": "",
            "extensions_time_budget": "PT1H30M",
            "gallery_application": [],
            "id": "/subscriptions/94b0b67a-68c3-4c04-8d71-61ccceab493a/resourceGroups/TfResourceGroup1_RG/providers/Microsoft.Compute/virtualMachines/TFAZVM01",
            "identity": [],
            "license_type": "",
            "location": "ukwest",
            "max_bid_price": -1,
            "name": "TFAZVM01",
            "network_interface_ids": [
              "/subscriptions/94b0b67a-68c3-4c04-8d71-61ccceab493a/resourceGroups/TfResourceGroup1_RG/providers/Microsoft.Network/networkInterfaces/vm_nic"
            ],
            "os_disk": [
              {
                "caching": "ReadWrite",
                "diff_disk_settings": [],
                "disk_encryption_set_id": "",
                "disk_size_gb": 30,
                "name": "TFAZVM01_OsDisk_1_1cbedb1d1bbf4fa6a775f2c404d7b65f",
                "secure_vm_disk_encryption_set_id": "",
                "security_encryption_type": "",
                "storage_account_type": "Standard_LRS",
                "write_accelerator_enabled": false
              }
            ],
            "patch_assessment_mode": "ImageDefault",
            "patch_mode": "ImageDefault",
            "plan": [],
            "platform_fault_domain": -1,
            "priority": "Regular",
            "private_ip_address": "10.0.1.4",
            "private_ip_addresses": [
              "10.0.1.4"
            ],
            "provision_vm_agent": true,
            "proximity_placement_group_id": "",
            "public_ip_address": "",
            "public_ip_addresses": [],
            "resource_group_name": "TfResourceGroup1_RG",
            "secret": [],
            "secure_boot_enabled": false,
            "size": "Standard_B1s",
            "source_image_id": "",
            "source_image_reference": [
              {
                "offer": "0001-com-ubuntu-server-focal",
                "publisher": "Canonical",
                "sku": "20_04-lts",
                "version": "latest"
              }
            ],
            "tags": null,
            "termination_notification": null,
            "timeouts": null,
            "user_data": "",
            "virtual_machine_id": "4b215546-1d2b-4edc-883d-be291a27756f",
            "virtual_machine_scale_set_id": "",
            "vtpm_enabled": false,
            "zone": ""
          },
          "sensitive_attributes": [],
          "private": "eyJlMmJmYjczMC1lY2FhLTExZTYtOGY4OC0zNDM2M2JjN2M0YzAiOnsiY3JlYXRlIjoyNzAwMDAwMDAwMDAwLCJkZWxldGUiOjI3MDAwMDAwMDAwMDAsInJlYWQiOjMwMDAwMDAwMDAwMCwidXBkYXRlIjoyNzAwMDAwMDAwMDAwfX0=",
          "dependencies": [
            "module.ResourceGroup.azurerm_resource_group.TFResourceGrp1",
            "module.vmachine.azurerm_network_interface.TFModuleNic"
          ]
        }
      ]
    },
    {
      "module": "module.vmachine",
      "mode": "managed",
      "type": "azurerm_network_interface",
      "name": "TFModuleNic",
      "provider": "provider[\"registry.terraform.io/hashicorp/azurerm\"]",
      "instances": [
        {
          "schema_version": 0,
          "attributes": {
            "applied_dns_servers": [],
            "dns_servers": [],
            "edge_zone": "",
            "enable_accelerated_networking": false,
            "enable_ip_forwarding": false,
            "id": "/subscriptions/94b0b67a-68c3-4c04-8d71-61ccceab493a/resourceGroups/TfResourceGroup1_RG/providers/Microsoft.Network/networkInterfaces/vm_nic",
            "internal_dns_name_label": "",
            "internal_domain_name_suffix": "lj1ji2izgmjujkcz1u12ka0wda.cwx.internal.cloudapp.net",
            "ip_configuration": [
              {
                "gateway_load_balancer_frontend_ip_configuration_id": "",
                "name": "vm_ip_config",
                "primary": true,
                "private_ip_address": "10.0.1.4",
                "private_ip_address_allocation": "Dynamic",
                "private_ip_address_version": "IPv4",
                "public_ip_address_id": "",
                "subnet_id": "/subscriptions/94b0b67a-68c3-4c04-8d71-61ccceab493a/resourceGroups/TfResourceGroup1_RG/providers/Microsoft.Network/virtualNetworks/TFAzureVnet1/subnets/TFAzureSubnet1"
              }
            ],
            "location": "ukwest",
            "mac_address": "",
            "name": "vm_nic",
            "private_ip_address": "10.0.1.4",
            "private_ip_addresses": [
              "10.0.1.4"
            ],
            "resource_group_name": "TfResourceGroup1_RG",
            "tags": {},
            "timeouts": null,
            "virtual_machine_id": ""
          },
          "sensitive_attributes": [],
          "private": "eyJlMmJmYjczMC1lY2FhLTExZTYtOGY4OC0zNDM2M2JjN2M0YzAiOnsiY3JlYXRlIjoxODAwMDAwMDAwMDAwLCJkZWxldGUiOjE4MDAwMDAwMDAwMDAsInJlYWQiOjMwMDAwMDAwMDAwMCwidXBkYXRlIjoxODAwMDAwMDAwMDAwfX0=",
          "dependencies": [
            "module.ResourceGroup.azurerm_resource_group.TFResourceGrp1",
            "module.vnet.azurerm_subnet.TFSubnet1",
            "module.vnet.azurerm_virtual_network.TFVNetwork1"
          ]
        }
      ]
    },
    {
      "module": "module.vnet",
      "mode": "managed",
      "type": "azurerm_subnet",
      "name": "TFSubnet1",
      "provider": "provider[\"registry.terraform.io/hashicorp/azurerm\"]",
      "instances": [
        {
          "schema_version": 0,
          "attributes": {
            "address_prefixes": [
              "10.0.1.0/24"
            ],
            "delegation": [],
            "enforce_private_link_endpoint_network_policies": false,
            "enforce_private_link_service_network_policies": false,
            "id": "/subscriptions/94b0b67a-68c3-4c04-8d71-61ccceab493a/resourceGroups/TfResourceGroup1_RG/providers/Microsoft.Network/virtualNetworks/TFAzureVnet1/subnets/TFAzureSubnet1",
            "name": "TFAzureSubnet1",
            "private_endpoint_network_policies_enabled": true,
            "private_link_service_network_policies_enabled": true,
            "resource_group_name": "TfResourceGroup1_RG",
            "service_endpoint_policy_ids": [],
            "service_endpoints": [],
            "timeouts": null,
            "virtual_network_name": "TFAzureVnet1"
          },
          "sensitive_attributes": [],
          "private": "eyJlMmJmYjczMC1lY2FhLTExZTYtOGY4OC0zNDM2M2JjN2M0YzAiOnsiY3JlYXRlIjoxODAwMDAwMDAwMDAwLCJkZWxldGUiOjE4MDAwMDAwMDAwMDAsInJlYWQiOjMwMDAwMDAwMDAwMCwidXBkYXRlIjoxODAwMDAwMDAwMDAwfX0=",
          "dependencies": [
            "module.ResourceGroup.azurerm_resource_group.TFResourceGrp1",
            "module.vnet.azurerm_virtual_network.TFVNetwork1"
          ]
        }
      ]
    },
    {
      "module": "module.vnet",
      "mode": "managed",
      "type": "azurerm_virtual_network",
      "name": "TFVNetwork1",
      "provider": "provider[\"registry.terraform.io/hashicorp/azurerm\"]",
      "instances": [
        {
          "schema_version": 0,
          "attributes": {
            "address_space": [
              "10.0.0.0/16"
            ],
            "bgp_community": "",
            "ddos_protection_plan": [],
            "dns_servers": [],
            "edge_zone": "",
            "flow_timeout_in_minutes": 0,
            "guid": "7194765a-3319-4413-a859-dd37c5035618",
            "id": "/subscriptions/94b0b67a-68c3-4c04-8d71-61ccceab493a/resourceGroups/TfResourceGroup1_RG/providers/Microsoft.Network/virtualNetworks/TFAzureVnet1",
            "location": "ukwest",
            "name": "TFAzureVnet1",
            "resource_group_name": "TfResourceGroup1_RG",
            "subnet": [
              {
                "address_prefix": "10.0.1.0/24",
                "id": "/subscriptions/94b0b67a-68c3-4c04-8d71-61ccceab493a/resourceGroups/TfResourceGroup1_RG/providers/Microsoft.Network/virtualNetworks/TFAzureVnet1/subnets/TFAzureSubnet1",
                "name": "TFAzureSubnet1",
                "security_group": ""
              }
            ],
            "tags": {
              "environment": "Development"
            },
            "timeouts": null
          },
          "sensitive_attributes": [],
          "private": "eyJlMmJmYjczMC1lY2FhLTExZTYtOGY4OC0zNDM2M2JjN2M0YzAiOnsiY3JlYXRlIjoxODAwMDAwMDAwMDAwLCJkZWxldGUiOjE4MDAwMDAwMDAwMDAsInJlYWQiOjMwMDAwMDAwMDAwMCwidXBkYXRlIjoxODAwMDAwMDAwMDAwfX0=",
          "dependencies": [
            "module.ResourceGroup.azurerm_resource_group.TFResourceGrp1"
          ]
        }
      ]
    }
  ],
  "check_results": null
}
